
Microsoft Visual Studio Solution File, Format Version 12.00
# Visual Studio Version 17
VisualStudioVersion = 17.13.35931.197
MinimumVisualStudioVersion = 10.0.40219.1
Project("{00D1A9C2-B5F0-4AF3-8072-F6C62B433612}") = "LasawangDatabase", "LasawangDatabase\LasawangDatabase.sqlproj", "{46ACA9D8-D3F3-4FF4-AA9F-EF581EEE521F}"
EndProject
Project("{FAE04EC0-301F-11D3-BF4B-00C04F79EFBC}") = "WPF", "WPF\WPF.csproj", "{AFC0421B-0391-4CD1-A1A8-22BD802056E7}"
EndProject
Global
	GlobalSection(SolutionConfigurationPlatforms) = preSolution
		Debug|Any CPU = Debug|Any CPU
		Release|Any CPU = Release|Any CPU
	EndGlobalSection
	GlobalSection(ProjectConfigurationPlatforms) = postSolution
		{46ACA9D8-D3F3-4FF4-AA9F-EF581EEE521F}.Debug|Any CPU.ActiveCfg = Debug|Any CPU
		{46ACA9D8-D3F3-4FF4-AA9F-EF581EEE521F}.Debug|Any CPU.Build.0 = Debug|Any CPU
		{46ACA9D8-D3F3-4FF4-AA9F-EF581EEE521F}.Debug|Any CPU.Deploy.0 = Debug|Any CPU
		{46ACA9D8-D3F3-4FF4-AA9F-EF581EEE521F}.Release|Any CPU.ActiveCfg = Release|Any CPU
		{46ACA9D8-D3F3-4FF4-AA9F-EF581EEE521F}.Release|Any CPU.Build.0 = Release|Any CPU
		{46ACA9D8-D3F3-4FF4-AA9F-EF581EEE521F}.Release|Any CPU.Deploy.0 = Release|Any CPU
		{AFC0421B-0391-4CD1-A1A8-22BD802056E7}.Debug|Any CPU.ActiveCfg = Debug|Any CPU
		{AFC0421B-0391-4CD1-A1A8-22BD802056E7}.Debug|Any CPU.Build.0 = Debug|Any CPU
		{AFC0421B-0391-4CD1-A1A8-22BD802056E7}.Release|Any CPU.ActiveCfg = Release|Any CPU
		{AFC0421B-0391-4CD1-A1A8-22BD802056E7}.Release|Any CPU.Build.0 = Release|Any CPU
	EndGlobalSection
	GlobalSection(SolutionProperties) = preSolution
		HideSolutionNode = FALSE
	EndGlobalSection
	GlobalSection(ExtensibilityGlobals) = postSolution
		SolutionGuid = {8BF31F6E-2863-4486-9D7E-D1F9AE8CBA85}
	EndGlobalSection
EndGlobal
